
Microsoft Visual Studio Solution File, Format Version 12.00
# Visual Studio Version 17
VisualStudioVersion = 17.6.33829.357
MinimumVisualStudioVersion = 10.0.40219.1
Project("{FAE04EC0-301F-11D3-BF4B-00C04F79EFBC}") = "Login and Register", "Login and Register.csproj", "{535006F7-BA31-45D3-A5D5-F2EF49124CA0}"
EndProject
Global
	GlobalSection(SolutionConfigurationPlatforms) = preSolution
		Debug|Any CPU = Debug|Any CPU
		Release|Any CPU = Release|Any CPU
	EndGlobalSection
	GlobalSection(ProjectConfigurationPlatforms) = postSolution
		{535006F7-BA31-45D3-A5D5-F2EF49124CA0}.Debug|Any CPU.ActiveCfg = Debug|Any CPU
		{535006F7-BA31-45D3-A5D5-F2EF49124CA0}.Debug|Any CPU.Build.0 = Debug|Any CPU
		{535006F7-BA31-45D3-A5D5-F2EF49124CA0}.Release|Any CPU.ActiveCfg = Release|Any CPU
		{535006F7-BA31-45D3-A5D5-F2EF49124CA0}.Release|Any CPU.Build.0 = Release|Any CPU
	EndGlobalSection
	GlobalSection(SolutionProperties) = preSolution
		HideSolutionNode = FALSE
	EndGlobalSection
	GlobalSection(ExtensibilityGlobals) = postSolution
		SolutionGuid = {68EC1900-6C24-4CFF-BFAC-80B07A091BE9}
	EndGlobalSection
EndGlobal
