
Microsoft Visual Studio Solution File, Format Version 12.00
# Visual Studio Version 17
VisualStudioVersion = 17.6.33829.357
MinimumVisualStudioVersion = 10.0.40219.1
Project("{FAE04EC0-301F-11D3-BF4B-00C04F79EFBC}") = "QuizTask", "QuizTask.csproj", "{BEFDD0F6-7A63-4485-8AB3-B60E98C83B5D}"
EndProject
Global
	GlobalSection(SolutionConfigurationPlatforms) = preSolution
		Debug|Any CPU = Debug|Any CPU
		Release|Any CPU = Release|Any CPU
	EndGlobalSection
	GlobalSection(ProjectConfigurationPlatforms) = postSolution
		{BEFDD0F6-7A63-4485-8AB3-B60E98C83B5D}.Debug|Any CPU.ActiveCfg = Debug|Any CPU
		{BEFDD0F6-7A63-4485-8AB3-B60E98C83B5D}.Debug|Any CPU.Build.0 = Debug|Any CPU
		{BEFDD0F6-7A63-4485-8AB3-B60E98C83B5D}.Release|Any CPU.ActiveCfg = Release|Any CPU
		{BEFDD0F6-7A63-4485-8AB3-B60E98C83B5D}.Release|Any CPU.Build.0 = Release|Any CPU
	EndGlobalSection
	GlobalSection(SolutionProperties) = preSolution
		HideSolutionNode = FALSE
	EndGlobalSection
	GlobalSection(ExtensibilityGlobals) = postSolution
		SolutionGuid = {E4652DCC-0747-4501-A93E-8FDCC1E8C27B}
	EndGlobalSection
EndGlobal
