
Microsoft Visual Studio Solution File, Format Version 12.00
# Visual Studio Version 17
VisualStudioVersion = 17.6.33829.357
MinimumVisualStudioVersion = 10.0.40219.1
Project("{FAE04EC0-301F-11D3-BF4B-00C04F79EFBC}") = "Task 31.08.2023", "Task 31.08.2023.csproj", "{A7FC8FDC-2432-405B-84E8-CB2356123DAD}"
EndProject
Global
	GlobalSection(SolutionConfigurationPlatforms) = preSolution
		Debug|Any CPU = Debug|Any CPU
		Release|Any CPU = Release|Any CPU
	EndGlobalSection
	GlobalSection(ProjectConfigurationPlatforms) = postSolution
		{A7FC8FDC-2432-405B-84E8-CB2356123DAD}.Debug|Any CPU.ActiveCfg = Debug|Any CPU
		{A7FC8FDC-2432-405B-84E8-CB2356123DAD}.Debug|Any CPU.Build.0 = Debug|Any CPU
		{A7FC8FDC-2432-405B-84E8-CB2356123DAD}.Release|Any CPU.ActiveCfg = Release|Any CPU
		{A7FC8FDC-2432-405B-84E8-CB2356123DAD}.Release|Any CPU.Build.0 = Release|Any CPU
	EndGlobalSection
	GlobalSection(SolutionProperties) = preSolution
		HideSolutionNode = FALSE
	EndGlobalSection
	GlobalSection(ExtensibilityGlobals) = postSolution
		SolutionGuid = {E1980BA2-75E7-4D34-B6F0-56981CFE115B}
	EndGlobalSection
EndGlobal
