
Microsoft Visual Studio Solution File, Format Version 12.00
# Visual Studio Version 17
VisualStudioVersion = 17.6.33829.357
MinimumVisualStudioVersion = 10.0.40219.1
Project("{FAE04EC0-301F-11D3-BF4B-00C04F79EFBC}") = "Student`s grade calculator", "Student`s grade calculator.csproj", "{CECA0395-6AB1-49A3-8330-AACC1E9A2F22}"
EndProject
Global
	GlobalSection(SolutionConfigurationPlatforms) = preSolution
		Debug|Any CPU = Debug|Any CPU
		Release|Any CPU = Release|Any CPU
	EndGlobalSection
	GlobalSection(ProjectConfigurationPlatforms) = postSolution
		{CECA0395-6AB1-49A3-8330-AACC1E9A2F22}.Debug|Any CPU.ActiveCfg = Debug|Any CPU
		{CECA0395-6AB1-49A3-8330-AACC1E9A2F22}.Debug|Any CPU.Build.0 = Debug|Any CPU
		{CECA0395-6AB1-49A3-8330-AACC1E9A2F22}.Release|Any CPU.ActiveCfg = Release|Any CPU
		{CECA0395-6AB1-49A3-8330-AACC1E9A2F22}.Release|Any CPU.Build.0 = Release|Any CPU
	EndGlobalSection
	GlobalSection(SolutionProperties) = preSolution
		HideSolutionNode = FALSE
	EndGlobalSection
	GlobalSection(ExtensibilityGlobals) = postSolution
		SolutionGuid = {4BD552E3-3513-4856-8D51-9A1B1A8D4117}
	EndGlobalSection
EndGlobal
